// !$*UTF8*$!
{
	archiveVersion = 1;
	classes = {
	};
	objectVersion = 48;
	objects = {

/* Begin PBXBuildFile section */
		B9BFD83D2177C9570028D651 /* AppDelegate.swift in Sources */ = {isa = PBXBuildFile; fileRef = B9BFD83C2177C9570028D651 /* AppDelegate.swift */; };
		B9BFD83F2177C9570028D651 /* ViewController.swift in Sources */ = {isa = PBXBuildFile; fileRef = B9BFD83E2177C9570028D651 /* ViewController.swift */; };
		B9BFD8422177C9570028D651 /* Main.storyboard in Resources */ = {isa = PBXBuildFile; fileRef = B9BFD8402177C9570028D651 /* Main.storyboard */; };
		B9BFD8442177C9570028D651 /* Assets.xcassets in Resources */ = {isa = PBXBuildFile; fileRef = B9BFD8432177C9570028D651 /* Assets.xcassets */; };
		B9BFD8472177C9570028D651 /* LaunchScreen.storyboard in Resources */ = {isa = PBXBuildFile; fileRef = B9BFD8452177C9570028D651 /* LaunchScreen.storyboard */; };
		B9BFD8522177C9570028D651 /* TinderTests.swift in Sources */ = {isa = PBXBuildFile; fileRef = B9BFD8512177C9570028D651 /* TinderTests.swift */; };
		B9BFD85D2177C9570028D651 /* TinderUITests.swift in Sources */ = {isa = PBXBuildFile; fileRef = B9BFD85C2177C9570028D651 /* TinderUITests.swift */; };
/* End PBXBuildFile section */

/* Begin PBXContainerItemProxy section */
		B9BFD84E2177C9570028D651 /* PBXContainerItemProxy */ = {
			isa = PBXContainerItemProxy;
			containerPortal = B9BFD8312177C9570028D651 /* Project object */;
			proxyType = 1;
			remoteGlobalIDString = B9BFD8382177C9570028D651;
			remoteInfo = Tinder;
		};
		B9BFD8592177C9570028D651 /* PBXContainerItemProxy */ = {
			isa = PBXContainerItemProxy;
			containerPortal = B9BFD8312177C9570028D651 /* Project object */;
			proxyType = 1;
			remoteGlobalIDString = B9BFD8382177C9570028D651;
			remoteInfo = Tinder;
		};
/* End PBXContainerItemProxy section */

/* Begin PBXFileReference section */
		B9BFD8392177C9570028D651 /* Tinder.app */ = {isa = PBXFileReference; explicitFileType = wrapper.application; includeInIndex = 0; path = Tinder.app; sourceTree = BUILT_PRODUCTS_DIR; };
		B9BFD83C2177C9570028D651 /* AppDelegate.swift */ = {isa = PBXFileReference; lastKnownFileType = sourcecode.swift; path = AppDelegate.swift; sourceTree = "<group>"; };
		B9BFD83E2177C9570028D651 /* ViewController.swift */ = {isa = PBXFileReference; lastKnownFileType = sourcecode.swift; path = ViewController.swift; sourceTree = "<group>"; };
		B9BFD8412177C9570028D651 /* Base */ = {isa = PBXFileReference; lastKnownFileType = file.storyboard; name = Base; path = Base.lproj/Main.storyboard; sourceTree = "<group>"; };
		B9BFD8432177C9570028D651 /* Assets.xcassets */ = {isa = PBXFileReference; lastKnownFileType = folder.assetcatalog; path = Assets.xcassets; sourceTree = "<group>"; };
		B9BFD8462177C9570028D651 /* Base */ = {isa = PBXFileReference; lastKnownFileType = file.storyboard; name = Base; path = Base.lproj/LaunchScreen.storyboard; sourceTree = "<group>"; };
		B9BFD8482177C9570028D651 /* Info.plist */ = {isa = PBXFileReference; lastKnownFileType = text.plist.xml; path = Info.plist; sourceTree = "<group>"; };
		B9BFD84D2177C9570028D651 /* TinderTests.xctest */ = {isa = PBXFileReference; explicitFileType = wrapper.cfbundle; includeInIndex = 0; path = TinderTests.xctest; sourceTree = BUILT_PRODUCTS_DIR; };
		B9BFD8512177C9570028D651 /* TinderTests.swift */ = {isa = PBXFileReference; lastKnownFileType = sourcecode.swift; path = TinderTests.swift; sourceTree = "<group>"; };
		B9BFD8532177C9570028D651 /* Info.plist */ = {isa = PBXFileReference; lastKnownFileType = text.plist.xml; path = Info.plist; sourceTree = "<group>"; };
		B9BFD8582177C9570028D651 /* TinderUITests.xctest */ = {isa = PBXFileReference; explicitFileType = wrapper.cfbundle; includeInIndex = 0; path = TinderUITests.xctest; sourceTree = BUILT_PRODUCTS_DIR; };
		B9BFD85C2177C9570028D651 /* TinderUITests.swift */ = {isa = PBXFileReference; lastKnownFileType = sourcecode.swift; path = TinderUITests.swift; sourceTree = "<group>"; };
		B9BFD85E2177C9570028D651 /* Info.plist */ = {isa = PBXFileReference; lastKnownFileType = text.plist.xml; path = Info.plist; sourceTree = "<group>"; };
/* End PBXFileReference section */

/* Begin PBXFrameworksBuildPhase section */
		B9BFD8362177C9570028D651 /* Frameworks */ = {
			isa = PBXFrameworksBuildPhase;
			buildActionMask = 2147483647;
			files = (
			);
			runOnlyForDeploymentPostprocessing = 0;
		};
		B9BFD84A2177C9570028D651 /* Frameworks */ = {
			isa = PBXFrameworksBuildPhase;
			buildActionMask = 2147483647;
			files = (
			);
			runOnlyForDeploymentPostprocessing = 0;
		};
		B9BFD8552177C9570028D651 /* Frameworks */ = {
			isa = PBXFrameworksBuildPhase;
			buildActionMask = 2147483647;
			files = (
			);
			runOnlyForDeploymentPostprocessing = 0;
		};
/* End PBXFrameworksBuildPhase section */

/* Begin PBXGroup section */
		B9BFD8302177C9570028D651 = {
			isa = PBXGroup;
			children = (
				B9BFD83B2177C9570028D651 /* Tinder */,
				B9BFD8502177C9570028D651 /* TinderTests */,
				B9BFD85B2177C9570028D651 /* TinderUITests */,
				B9BFD83A2177C9570028D651 /* Products */,
			);
			sourceTree = "<group>";
		};
		B9BFD83A2177C9570028D651 /* Products */ = {
			isa = PBXGroup;
			children = (
				B9BFD8392177C9570028D651 /* Tinder.app */,
				B9BFD84D2177C9570028D651 /* TinderTests.xctest */,
				B9BFD8582177C9570028D651 /* TinderUITests.xctest */,
			);
			name = Products;
			sourceTree = "<group>";
		};
		B9BFD83B2177C9570028D651 /* Tinder */ = {
			isa = PBXGroup;
			children = (
				B9BFD83C2177C9570028D651 /* AppDelegate.swift */,
				B9BFD83E2177C9570028D651 /* ViewController.swift */,
				B9BFD8402177C9570028D651 /* Main.storyboard */,
				B9BFD8432177C9570028D651 /* Assets.xcassets */,
				B9BFD8452177C9570028D651 /* LaunchScreen.storyboard */,
				B9BFD8482177C9570028D651 /* Info.plist */,
			);
			path = Tinder;
			sourceTree = "<group>";
		};
		B9BFD8502177C9570028D651 /* TinderTests */ = {
			isa = PBXGroup;
			children = (
				B9BFD8512177C9570028D651 /* TinderTests.swift */,
				B9BFD8532177C9570028D651 /* Info.plist */,
			);
			path = TinderTests;
			sourceTree = "<group>";
		};
		B9BFD85B2177C9570028D651 /* TinderUITests */ = {
			isa = PBXGroup;
			children = (
				B9BFD85C2177C9570028D651 /* TinderUITests.swift */,
				B9BFD85E2177C9570028D651 /* Info.plist */,
			);
			path = TinderUITests;
			sourceTree = "<group>";
		};
/* End PBXGroup section */

/* Begin PBXNativeTarget section */
		B9BFD8382177C9570028D651 /* Tinder */ = {
			isa = PBXNativeTarget;
			buildConfigurationList = B9BFD8612177C9570028D651 /* Build configuration list for PBXNativeTarget "Tinder" */;
			buildPhases = (
				B9BFD8352177C9570028D651 /* Sources */,
				B9BFD8362177C9570028D651 /* Frameworks */,
				B9BFD8372177C9570028D651 /* Resources */,
			);
			buildRules = (
			);
			dependencies = (
			);
			name = Tinder;
			productName = Tinder;
			productReference = B9BFD8392177C9570028D651 /* Tinder.app */;
			productType = "com.apple.product-type.application";
		};
		B9BFD84C2177C9570028D651 /* TinderTests */ = {
			isa = PBXNativeTarget;
			buildConfigurationList = B9BFD8642177C9570028D651 /* Build configuration list for PBXNativeTarget "TinderTests" */;
			buildPhases = (
				B9BFD8492177C9570028D651 /* Sources */,
				B9BFD84A2177C9570028D651 /* Frameworks */,
				B9BFD84B2177C9570028D651 /* Resources */,
			);
			buildRules = (
			);
			dependencies = (
				B9BFD84F2177C9570028D651 /* PBXTargetDependency */,
			);
			name = TinderTests;
			productName = TinderTests;
			productReference = B9BFD84D2177C9570028D651 /* TinderTests.xctest */;
			productType = "com.apple.product-type.bundle.unit-test";
		};
		B9BFD8572177C9570028D651 /* TinderUITests */ = {
			isa = PBXNativeTarget;
			buildConfigurationList = B9BFD8672177C9570028D651 /* Build configuration list for PBXNativeTarget "TinderUITests" */;
			buildPhases = (
				B9BFD8542177C9570028D651 /* Sources */,
				B9BFD8552177C9570028D651 /* Frameworks */,
				B9BFD8562177C9570028D651 /* Resources */,
			);
			buildRules = (
			);
			dependencies = (
				B9BFD85A2177C9570028D651 /* PBXTargetDependency */,
			);
			name = TinderUITests;
			productName = TinderUITests;
			productReference = B9BFD8582177C9570028D651 /* TinderUITests.xctest */;
			productType = "com.apple.product-type.bundle.ui-testing";
		};
/* End PBXNativeTarget section */

/* Begin PBXProject section */
		B9BFD8312177C9570028D651 /* Project object */ = {
			isa = PBXProject;
			attributes = {
				LastSwiftUpdateCheck = 0920;
				LastUpgradeCheck = 0920;
				ORGANIZATIONNAME = "Jinan Huang";
				TargetAttributes = {
					B9BFD8382177C9570028D651 = {
						CreatedOnToolsVersion = 9.2;
						ProvisioningStyle = Automatic;
					};
					B9BFD84C2177C9570028D651 = {
						CreatedOnToolsVersion = 9.2;
						ProvisioningStyle = Automatic;
						TestTargetID = B9BFD8382177C9570028D651;
					};
					B9BFD8572177C9570028D651 = {
						CreatedOnToolsVersion = 9.2;
						ProvisioningStyle = Automatic;
						TestTargetID = B9BFD8382177C9570028D651;
					};
				};
			};
			buildConfigurationList = B9BFD8342177C9570028D651 /* Build configuration list for PBXProject "Tinder" */;
			compatibilityVersion = "Xcode 8.0";
			developmentRegion = en;
			hasScannedForEncodings = 0;
			knownRegions = (
				en,
				Base,
			);
			mainGroup = B9BFD8302177C9570028D651;
			productRefGroup = B9BFD83A2177C9570028D651 /* Products */;
			projectDirPath = "";
			projectRoot = "";
			targets = (
				B9BFD8382177C9570028D651 /* Tinder */,
				B9BFD84C2177C9570028D651 /* TinderTests */,
				B9BFD8572177C9570028D651 /* TinderUITests */,
			);
		};
/* End PBXProject section */

/* Begin PBXResourcesBuildPhase section */
		B9BFD8372177C9570028D651 /* Resources */ = {
			isa = PBXResourcesBuildPhase;
			buildActionMask = 2147483647;
			files = (
				B9BFD8472177C9570028D651 /* LaunchScreen.storyboard in Resources */,
				B9BFD8442177C9570028D651 /* Assets.xcassets in Resources */,
				B9BFD8422177C9570028D651 /* Main.storyboard in Resources */,
			);
			runOnlyForDeploymentPostprocessing = 0;
		};
		B9BFD84B2177C9570028D651 /* Resources */ = {
			isa = PBXResourcesBuildPhase;
			buildActionMask = 2147483647;
			files = (
			);
			runOnlyForDeploymentPostprocessing = 0;
		};
		B9BFD8562177C9570028D651 /* Resources */ = {
			isa = PBXResourcesBuildPhase;
			buildActionMask = 2147483647;
			files = (
			);
			runOnlyForDeploymentPostprocessing = 0;
		};
/* End PBXResourcesBuildPhase section */

/* Begin PBXSourcesBuildPhase section */
		B9BFD8352177C9570028D651 /* Sources */ = {
			isa = PBXSourcesBuildPhase;
			buildActionMask = 2147483647;
			files = (
				B9BFD83F2177C9570028D651 /* ViewController.swift in Sources */,
				B9BFD83D2177C9570028D651 /* AppDelegate.swift in Sources */,
			);
			runOnlyForDeploymentPostprocessing = 0;
		};
		B9BFD8492177C9570028D651 /* Sources */ = {
			isa = PBXSourcesBuildPhase;
			buildActionMask = 2147483647;
			files = (
				B9BFD8522177C9570028D651 /* TinderTests.swift in Sources */,
			);
			runOnlyForDeploymentPostprocessing = 0;
		};
		B9BFD8542177C9570028D651 /* Sources */ = {
			isa = PBXSourcesBuildPhase;
			buildActionMask = 2147483647;
			files = (
				B9BFD85D2177C9570028D651 /* TinderUITests.swift in Sources */,
			);
			runOnlyForDeploymentPostprocessing = 0;
		};
/* End PBXSourcesBuildPhase section */

/* Begin PBXTargetDependency section */
		B9BFD84F2177C9570028D651 /* PBXTargetDependency */ = {
			isa = PBXTargetDependency;
			target = B9BFD8382177C9570028D651 /* Tinder */;
			targetProxy = B9BFD84E2177C9570028D651 /* PBXContainerItemProxy */;
		};
		B9BFD85A2177C9570028D651 /* PBXTargetDependency */ = {
			isa = PBXTargetDependency;
			target = B9BFD8382177C9570028D651 /* Tinder */;
			targetProxy = B9BFD8592177C9570028D651 /* PBXContainerItemProxy */;
		};
/* End PBXTargetDependency section */

/* Begin PBXVariantGroup section */
		B9BFD8402177C9570028D651 /* Main.storyboard */ = {
			isa = PBXVariantGroup;
			children = (
				B9BFD8412177C9570028D651 /* Base */,
			);
			name = Main.storyboard;
			sourceTree = "<group>";
		};
		B9BFD8452177C9570028D651 /* LaunchScreen.storyboard */ = {
			isa = PBXVariantGroup;
			children = (
				B9BFD8462177C9570028D651 /* Base */,
			);
			name = LaunchScreen.storyboard;
			sourceTree = "<group>";
		};
/* End PBXVariantGroup section */

/* Begin XCBuildConfiguration section */
		B9BFD85F2177C9570028D651 /* Debug */ = {
			isa = XCBuildConfiguration;
			buildSettings = {
				ALWAYS_SEARCH_USER_PATHS = NO;
				CLANG_ANALYZER_NONNULL = YES;
				CLANG_ANALYZER_NUMBER_OBJECT_CONVERSION = YES_AGGRESSIVE;
				CLANG_CXX_LANGUAGE_STANDARD = "gnu++14";
				CLANG_CXX_LIBRARY = "libc++";
				CLANG_ENABLE_MODULES = YES;
				CLANG_ENABLE_OBJC_ARC = YES;
				CLANG_WARN_BLOCK_CAPTURE_AUTORELEASING = YES;
				CLANG_WARN_BOOL_CONVERSION = YES;
				CLANG_WARN_COMMA = YES;
				CLANG_WARN_CONSTANT_CONVERSION = YES;
				CLANG_WARN_DIRECT_OBJC_ISA_USAGE = YES_ERROR;
				CLANG_WARN_DOCUMENTATION_COMMENTS = YES;
				CLANG_WARN_EMPTY_BODY = YES;
				CLANG_WARN_ENUM_CONVERSION = YES;
				CLANG_WARN_INFINITE_RECURSION = YES;
				CLANG_WARN_INT_CONVERSION = YES;
				CLANG_WARN_NON_LITERAL_NULL_CONVERSION = YES;
				CLANG_WARN_OBJC_LITERAL_CONVERSION = YES;
				CLANG_WARN_OBJC_ROOT_CLASS = YES_ERROR;
				CLANG_WARN_RANGE_LOOP_ANALYSIS = YES;
				CLANG_WARN_STRICT_PROTOTYPES = YES;
				CLANG_WARN_SUSPICIOUS_MOVE = YES;
				CLANG_WARN_UNGUARDED_AVAILABILITY = YES_AGGRESSIVE;
				CLANG_WARN_UNREACHABLE_CODE = YES;
				CLANG_WARN__DUPLICATE_METHOD_MATCH = YES;
				CODE_SIGN_IDENTITY = "iPhone Developer";
				COPY_PHASE_STRIP = NO;
				DEBUG_INFORMATION_FORMAT = dwarf;
				ENABLE_STRICT_OBJC_MSGSEND = YES;
				ENABLE_TESTABILITY = YES;
				GCC_C_LANGUAGE_STANDARD = gnu11;
				GCC_DYNAMIC_NO_PIC = NO;
				GCC_NO_COMMON_BLOCKS = YES;
				GCC_OPTIMIZATION_LEVEL = 0;
				GCC_PREPROCESSOR_DEFINITIONS = (
					"DEBUG=1",
					"$(inherited)",
				);
				GCC_WARN_64_TO_32_BIT_CONVERSION = YES;
				GCC_WARN_ABOUT_RETURN_TYPE = YES_ERROR;
				GCC_WARN_UNDECLARED_SELECTOR = YES;
				GCC_WARN_UNINITIALIZED_AUTOS = YES_AGGRESSIVE;
				GCC_WARN_UNUSED_FUNCTION = YES;
				GCC_WARN_UNUSED_VARIABLE = YES;
				IPHONEOS_DEPLOYMENT_TARGET = 11.2;
				MTL_ENABLE_DEBUG_INFO = YES;
				ONLY_ACTIVE_ARCH = YES;
				SDKROOT = iphoneos;
				SWIFT_ACTIVE_COMPILATION_CONDITIONS = DEBUG;
				SWIFT_OPTIMIZATION_LEVEL = "-Onone";
			};
			name = Debug;
		};
		B9BFD8602177C9570028D651 /* Release */ = {
			isa = XCBuildConfiguration;
			buildSettings = {
				ALWAYS_SEARCH_USER_PATHS = NO;
				CLANG_ANALYZER_NONNULL = YES;
				CLANG_ANALYZER_NUMBER_OBJECT_CONVERSION = YES_AGGRESSIVE;
				CLANG_CXX_LANGUAGE_STANDARD = "gnu++14";
				CLANG_CXX_LIBRARY = "libc++";
				CLANG_ENABLE_MODULES = YES;
				CLANG_ENABLE_OBJC_ARC = YES;
				CLANG_WARN_BLOCK_CAPTURE_AUTORELEASING = YES;
				CLANG_WARN_BOOL_CONVERSION = YES;
				CLANG_WARN_COMMA = YES;
				CLANG_WARN_CONSTANT_CONVERSION = YES;
				CLANG_WARN_DIRECT_OBJC_ISA_USAGE = YES_ERROR;
				CLANG_WARN_DOCUMENTATION_COMMENTS = YES;
				CLANG_WARN_EMPTY_BODY = YES;
				CLANG_WARN_ENUM_CONVERSION = YES;
				CLANG_WARN_INFINITE_RECURSION = YES;
				CLANG_WARN_INT_CONVERSION = YES;
				CLANG_WARN_NON_LITERAL_NULL_CONVERSION = YES;
				CLANG_WARN_OBJC_LITERAL_CONVERSION = YES;
				CLANG_WARN_OBJC_ROOT_CLASS = YES_ERROR;
				CLANG_WARN_RANGE_LOOP_ANALYSIS = YES;
				CLANG_WARN_STRICT_PROTOTYPES = YES;
				CLANG_WARN_SUSPICIOUS_MOVE = YES;
				CLANG_WARN_UNGUARDED_AVAILABILITY = YES_AGGRESSIVE;
				CLANG_WARN_UNREACHABLE_CODE = YES;
				CLANG_WARN__DUPLICATE_METHOD_MATCH = YES;
				CODE_SIGN_IDENTITY = "iPhone Developer";
				COPY_PHASE_STRIP = NO;
				DEBUG_INFORMATION_FORMAT = "dwarf-with-dsym";
				ENABLE_NS_ASSERTIONS = NO;
				ENABLE_STRICT_OBJC_MSGSEND = YES;
				GCC_C_LANGUAGE_STANDARD = gnu11;
				GCC_NO_COMMON_BLOCKS = YES;
				GCC_WARN_64_TO_32_BIT_CONVERSION = YES;
				GCC_WARN_ABOUT_RETURN_TYPE = YES_ERROR;
				GCC_WARN_UNDECLARED_SELECTOR = YES;
				GCC_WARN_UNINITIALIZED_AUTOS = YES_AGGRESSIVE;
				GCC_WARN_UNUSED_FUNCTION = YES;
				GCC_WARN_UNUSED_VARIABLE = YES;
				IPHONEOS_DEPLOYMENT_TARGET = 11.2;
				MTL_ENABLE_DEBUG_INFO = NO;
				SDKROOT = iphoneos;
				SWIFT_OPTIMIZATION_LEVEL = "-Owholemodule";
				VALIDATE_PRODUCT = YES;
			};
			name = Release;
		};
		B9BFD8622177C9570028D651 /* Debug */ = {
			isa = XCBuildConfiguration;
			buildSettings = {
				ASSETCATALOG_COMPILER_APPICON_NAME = AppIcon;
				CODE_SIGN_STYLE = Automatic;
				INFOPLIST_FILE = Tinder/Info.plist;
				LD_RUNPATH_SEARCH_PATHS = "$(inherited) @executable_path/Frameworks";
				PRODUCT_BUNDLE_IDENTIFIER = "-.Tinder";
				PRODUCT_NAME = "$(TARGET_NAME)";
				SWIFT_VERSION = 4.0;
				TARGETED_DEVICE_FAMILY = "1,2";
			};
			name = Debug;
		};
		B9BFD8632177C9570028D651 /* Release */ = {
			isa = XCBuildConfiguration;
			buildSettings = {
				ASSETCATALOG_COMPILER_APPICON_NAME = AppIcon;
				CODE_SIGN_STYLE = Automatic;
				INFOPLIST_FILE = Tinder/Info.plist;
				LD_RUNPATH_SEARCH_PATHS = "$(inherited) @executable_path/Frameworks";
				PRODUCT_BUNDLE_IDENTIFIER = "-.Tinder";
				PRODUCT_NAME = "$(TARGET_NAME)";
				SWIFT_VERSION = 4.0;
				TARGETED_DEVICE_FAMILY = "1,2";
			};
			name = Release;
		};
		B9BFD8652177C9570028D651 /* Debug */ = {
			isa = XCBuildConfiguration;
			buildSettings = {
				ALWAYS_EMBED_SWIFT_STANDARD_LIBRARIES = YES;
				BUNDLE_LOADER = "$(TEST_HOST)";
				CODE_SIGN_STYLE = Automatic;
				INFOPLIST_FILE = TinderTests/Info.plist;
				LD_RUNPATH_SEARCH_PATHS = "$(inherited) @executable_path/Frameworks @loader_path/Frameworks";
				PRODUCT_BUNDLE_IDENTIFIER = "-.TinderTests";
				PRODUCT_NAME = "$(TARGET_NAME)";
				SWIFT_VERSION = 4.0;
				TARGETED_DEVICE_FAMILY = "1,2";
				TEST_HOST = "$(BUILT_PRODUCTS_DIR)/Tinder.app/Tinder";
			};
			name = Debug;
		};
		B9BFD8662177C9570028D651 /* Release */ = {
			isa = XCBuildConfiguration;
			buildSettings = {
				ALWAYS_EMBED_SWIFT_STANDARD_LIBRARIES = YES;
				BUNDLE_LOADER = "$(TEST_HOST)";
				CODE_SIGN_STYLE = Automatic;
				INFOPLIST_FILE = TinderTests/Info.plist;
				LD_RUNPATH_SEARCH_PATHS = "$(inherited) @executable_path/Frameworks @loader_path/Frameworks";
				PRODUCT_BUNDLE_IDENTIFIER = "-.TinderTests";
				PRODUCT_NAME = "$(TARGET_NAME)";
				SWIFT_VERSION = 4.0;
				TARGETED_DEVICE_FAMILY = "1,2";
				TEST_HOST = "$(BUILT_PRODUCTS_DIR)/Tinder.app/Tinder";
			};
			name = Release;
		};
		B9BFD8682177C9570028D651 /* Debug */ = {
			isa = XCBuildConfiguration;
			buildSettings = {
				ALWAYS_EMBED_SWIFT_STANDARD_LIBRARIES = YES;
				CODE_SIGN_STYLE = Automatic;
				INFOPLIST_FILE = TinderUITests/Info.plist;
				LD_RUNPATH_SEARCH_PATHS = "$(inherited) @executable_path/Frameworks @loader_path/Frameworks";
				PRODUCT_BUNDLE_IDENTIFIER = "-.TinderUITests";
				PRODUCT_NAME = "$(TARGET_NAME)";
				SWIFT_VERSION = 4.0;
				TARGETED_DEVICE_FAMILY = "1,2";
				TEST_TARGET_NAME = Tinder;
			};
			name = Debug;
		};
		B9BFD8692177C9570028D651 /* Release */ = {
			isa = XCBuildConfiguration;
			buildSettings = {
				ALWAYS_EMBED_SWIFT_STANDARD_LIBRARIES = YES;
				CODE_SIGN_STYLE = Automatic;
				INFOPLIST_FILE = TinderUITests/Info.plist;
				LD_RUNPATH_SEARCH_PATHS = "$(inherited) @executable_path/Frameworks @loader_path/Frameworks";
				PRODUCT_BUNDLE_IDENTIFIER = "-.TinderUITests";
				PRODUCT_NAME = "$(TARGET_NAME)";
				SWIFT_VERSION = 4.0;
				TARGETED_DEVICE_FAMILY = "1,2";
				TEST_TARGET_NAME = Tinder;
			};
			name = Release;
		};
/* End XCBuildConfiguration section */

/* Begin XCConfigurationList section */
		B9BFD8342177C9570028D651 /* Build configuration list for PBXProject "Tinder" */ = {
			isa = XCConfigurationList;
			buildConfigurations = (
				B9BFD85F2177C9570028D651 /* Debug */,
				B9BFD8602177C9570028D651 /* Release */,
			);
			defaultConfigurationIsVisible = 0;
			defaultConfigurationName = Release;
		};
		B9BFD8612177C9570028D651 /* Build configuration list for PBXNativeTarget "Tinder" */ = {
			isa = XCConfigurationList;
			buildConfigurations = (
				B9BFD8622177C9570028D651 /* Debug */,
				B9BFD8632177C9570028D651 /* Release */,
			);
			defaultConfigurationIsVisible = 0;
			defaultConfigurationName = Release;
		};
		B9BFD8642177C9570028D651 /* Build configuration list for PBXNativeTarget "TinderTests" */ = {
			isa = XCConfigurationList;
			buildConfigurations = (
				B9BFD8652177C9570028D651 /* Debug */,
				B9BFD8662177C9570028D651 /* Release */,
			);
			defaultConfigurationIsVisible = 0;
			defaultConfigurationName = Release;
		};
		B9BFD8672177C9570028D651 /* Build configuration list for PBXNativeTarget "TinderUITests" */ = {
			isa = XCConfigurationList;
			buildConfigurations = (
				B9BFD8682177C9570028D651 /* Debug */,
				B9BFD8692177C9570028D651 /* Release */,
			);
			defaultConfigurationIsVisible = 0;
			defaultConfigurationName = Release;
		};
/* End XCConfigurationList section */
	};
	rootObject = B9BFD8312177C9570028D651 /* Project object */;
}
